PODS:
  - GLDTween (0.0.2)
  - Google-Mobile-Ads-SDK (6.12.2)
  - GoogleAnalytics-iOS-SDK (3.12):
    - GoogleAnalytics-iOS-SDK/Core (= 3.12)
  - GoogleAnalytics-iOS-SDK/Core (3.12)

DEPENDENCIES:
  - GLDTween (~> 0.0.1)
  - Google-Mobile-Ads-SDK (~> 6.12)
  - GoogleAnalytics-iOS-SDK (~> 3.10)

SPEC CHECKSUMS:
  GLDTween: 7a605ca867af48fc984f825f3dbdb95210a0f329
  Google-Mobile-Ads-SDK: 40217793219e3466f24cb884d1d44023f37a20ee
  GoogleAnalytics-iOS-SDK: 13241762fa4aea845eb75bef6c0da3427a26e7b3

COCOAPODS: 0.39.0
