// !$*UTF8*$!
{
	archiveVersion = 1;
	classes = {
	};
	objectVersion = 46;
	objects = {

/* Begin PBXBuildFile section */
		443C53D51A3192F700EF5358 /* NotificationName.swift in Sources */ = {isa = PBXBuildFile; fileRef = 443C53D41A3192F700EF5358 /* NotificationName.swift */; };
		B81BFEF51A45172700433B0B /* RoundedCornersView.swift in Sources */ = {isa = PBXBuildFile; fileRef = B81BFEF41A45172700433B0B /* RoundedCornersView.swift */; };
		B82ACCFA1A27638F00EA9AA3 /* Skill.xib in Resources */ = {isa = PBXBuildFile; fileRef = B82ACCF91A27638F00EA9AA3 /* Skill.xib */; };
		B82ACCFC1A276B2500EA9AA3 /* SkillButtonView.swift in Sources */ = {isa = PBXBuildFile; fileRef = B82ACCFB1A276B2500EA9AA3 /* SkillButtonView.swift */; };
		B82ACCFE1A2E7A7E00EA9AA3 /* Skills.swift in Sources */ = {isa = PBXBuildFile; fileRef = B82ACCFD1A2E7A7E00EA9AA3 /* Skills.swift */; };
		B82D61291A07BDF500BD10E8 /* GameBase.swift in Sources */ = {isa = PBXBuildFile; fileRef = B82D61281A07BDF500BD10E8 /* GameBase.swift */; };
		B82D612B1A07C41200BD10E8 /* Util.swift in Sources */ = {isa = PBXBuildFile; fileRef = B82D612A1A07C41200BD10E8 /* Util.swift */; };
		B82D612D1A07C69C00BD10E8 /* SpeedMatch.swift in Sources */ = {isa = PBXBuildFile; fileRef = B82D612C1A07C69C00BD10E8 /* SpeedMatch.swift */; };
		B82D612F1A07CCEF00BD10E8 /* ColorMatch.swift in Sources */ = {isa = PBXBuildFile; fileRef = B82D612E1A07CCEF00BD10E8 /* ColorMatch.swift */; };
		B82D61311A07CFD300BD10E8 /* User.swift in Sources */ = {isa = PBXBuildFile; fileRef = B82D61301A07CFD300BD10E8 /* User.swift */; };
		B82D61391A0DC8D400BD10E8 /* PanelView.swift in Sources */ = {isa = PBXBuildFile; fileRef = B82D61381A0DC8D400BD10E8 /* PanelView.swift */; };
		B82D613B1A0DCAA500BD10E8 /* Common.storyboard in Resources */ = {isa = PBXBuildFile; fileRef = B82D613A1A0DCAA500BD10E8 /* Common.storyboard */; };
		B82F587B1A04D09F005B68C6 /* AppDelegate.swift in Sources */ = {isa = PBXBuildFile; fileRef = B82F587A1A04D09F005B68C6 /* AppDelegate.swift */; };
		B82F587D1A04D09F005B68C6 /* BaseViewController.swift in Sources */ = {isa = PBXBuildFile; fileRef = B82F587C1A04D09F005B68C6 /* BaseViewController.swift */; };
		B82F58801A04D09F005B68C6 /* Main.storyboard in Resources */ = {isa = PBXBuildFile; fileRef = B82F587E1A04D09F005B68C6 /* Main.storyboard */; };
		B82F58821A04D09F005B68C6 /* Images.xcassets in Resources */ = {isa = PBXBuildFile; fileRef = B82F58811A04D09F005B68C6 /* Images.xcassets */; };
		B82F58851A04D09F005B68C6 /* LaunchScreen.xib in Resources */ = {isa = PBXBuildFile; fileRef = B82F58831A04D09F005B68C6 /* LaunchScreen.xib */; };
		B82F58911A04D09F005B68C6 /* brainTests.swift in Sources */ = {isa = PBXBuildFile; fileRef = B82F58901A04D09F005B68C6 /* brainTests.swift */; };
		B84F14801A3888FE0094B5F1 /* ResultBrain.xib in Resources */ = {isa = PBXBuildFile; fileRef = B84F147F1A3888FE0094B5F1 /* ResultBrain.xib */; };
		B84F14821A3890B90094B5F1 /* ResultBrainView.swift in Sources */ = {isa = PBXBuildFile; fileRef = B84F14811A3890B90094B5F1 /* ResultBrainView.swift */; };
		B8788F6E1A567C07007181FB /* libGoogleAdMobAds.a in Frameworks */ = {isa = PBXBuildFile; fileRef = B8788F6D1A567C07007181FB /* libGoogleAdMobAds.a */; };
		B8788F701A567D92007181FB /* AdBaseViewController.swift in Sources */ = {isa = PBXBuildFile; fileRef = B8788F6F1A567D92007181FB /* AdBaseViewController.swift */; };
		B8788F831A56939D007181FB /* libNendAd.a in Frameworks */ = {isa = PBXBuildFile; fileRef = B8788F7D1A56939D007181FB /* libNendAd.a */; };
		B8788F851A5693B1007181FB /* libAdapterNend.a in Frameworks */ = {isa = PBXBuildFile; fileRef = B8788F841A5693B1007181FB /* libAdapterNend.a */; };
		B8788F871A56949E007181FB /* ImageIO.framework in Frameworks */ = {isa = PBXBuildFile; fileRef = B8788F861A56949E007181FB /* ImageIO.framework */; };
		B87EC8571A1A38A40038E8C8 /* ExpGauge.xib in Resources */ = {isa = PBXBuildFile; fileRef = B87EC8561A1A38A40038E8C8 /* ExpGauge.xib */; };
		B87EC8591A1A39960038E8C8 /* ExpGaugeView.swift in Sources */ = {isa = PBXBuildFile; fileRef = B87EC8581A1A39960038E8C8 /* ExpGaugeView.swift */; };
		B88C207B1A05D3CE000DC4E7 /* GameSelect.storyboard in Resources */ = {isa = PBXBuildFile; fileRef = B88C207A1A05D3CE000DC4E7 /* GameSelect.storyboard */; };
		B88C207F1A05D4C3000DC4E7 /* GameSelectContentCell.swift in Sources */ = {isa = PBXBuildFile; fileRef = B88C207E1A05D4C3000DC4E7 /* GameSelectContentCell.swift */; };
		B88C20811A0623AC000DC4E7 /* GameSelectViewController.swift in Sources */ = {isa = PBXBuildFile; fileRef = B88C20801A0623AC000DC4E7 /* GameSelectViewController.swift */; };
		B88C20831A063262000DC4E7 /* Config.swift in Sources */ = {isa = PBXBuildFile; fileRef = B88C20821A063262000DC4E7 /* Config.swift */; };
		B88C20861A063450000DC4E7 /* Games.swift in Sources */ = {isa = PBXBuildFile; fileRef = B88C20851A063450000DC4E7 /* Games.swift */; };
		B88C20881A073054000DC4E7 /* SpeedMatch.storyboard in Resources */ = {isa = PBXBuildFile; fileRef = B88C20871A073054000DC4E7 /* SpeedMatch.storyboard */; };
		B88C208A1A073085000DC4E7 /* SpeedMatchViewController.swift in Sources */ = {isa = PBXBuildFile; fileRef = B88C20891A073085000DC4E7 /* SpeedMatchViewController.swift */; };
		B88C208E1A0752A9000DC4E7 /* Help.storyboard in Resources */ = {isa = PBXBuildFile; fileRef = B88C208D1A0752A9000DC4E7 /* Help.storyboard */; };
		B88C20901A075334000DC4E7 /* HelpViewController.swift in Sources */ = {isa = PBXBuildFile; fileRef = B88C208F1A075334000DC4E7 /* HelpViewController.swift */; };
		B89105BF1A20226600860A7B /* CircleView.swift in Sources */ = {isa = PBXBuildFile; fileRef = B89105BE1A20226600860A7B /* CircleView.swift */; };
		B89105C11A20341A00860A7B /* RoundedCornersBorderView.swift in Sources */ = {isa = PBXBuildFile; fileRef = B89105C01A20341A00860A7B /* RoundedCornersBorderView.swift */; };
		B89105D61A20872100860A7B /* Localizable.strings in Resources */ = {isa = PBXBuildFile; fileRef = B89105D81A20872100860A7B /* Localizable.strings */; };
		B8A025611A469BC400368635 /* ColorMatch.storyboard in Resources */ = {isa = PBXBuildFile; fileRef = B8A025601A469BC300368635 /* ColorMatch.storyboard */; };
		B8A025631A469C4400368635 /* ColorMatchViewController.swift in Sources */ = {isa = PBXBuildFile; fileRef = B8A025621A469C4400368635 /* ColorMatchViewController.swift */; };
		B8A47D871A517F43001B0EAE /* AdSupport.framework in Frameworks */ = {isa = PBXBuildFile; fileRef = B8A47D861A517F43001B0EAE /* AdSupport.framework */; };
		B8A47D891A517F66001B0EAE /* SystemConfiguration.framework in Frameworks */ = {isa = PBXBuildFile; fileRef = B8A47D881A517F66001B0EAE /* SystemConfiguration.framework */; };
		B8A47D8B1A517F71001B0EAE /* CoreData.framework in Frameworks */ = {isa = PBXBuildFile; fileRef = B8A47D8A1A517F71001B0EAE /* CoreData.framework */; };
		B8A47D8D1A517F7F001B0EAE /* libsqlite3.0.dylib in Frameworks */ = {isa = PBXBuildFile; fileRef = B8A47D8C1A517F7F001B0EAE /* libsqlite3.0.dylib */; };
		B8A47D8F1A517F8B001B0EAE /* libz.dylib in Frameworks */ = {isa = PBXBuildFile; fileRef = B8A47D8E1A517F8B001B0EAE /* libz.dylib */; };
		B8A47D911A518DF3001B0EAE /* AudioToolbox.framework in Frameworks */ = {isa = PBXBuildFile; fileRef = B8A47D901A518DF3001B0EAE /* AudioToolbox.framework */; };
		B8A47D931A518E10001B0EAE /* AVFoundation.framework in Frameworks */ = {isa = PBXBuildFile; fileRef = B8A47D921A518E10001B0EAE /* AVFoundation.framework */; };
		B8A47D951A518E29001B0EAE /* CoreMedia.framework in Frameworks */ = {isa = PBXBuildFile; fileRef = B8A47D941A518E29001B0EAE /* CoreMedia.framework */; };
		B8A47D971A518E3A001B0EAE /* CoreTelephony.framework in Frameworks */ = {isa = PBXBuildFile; fileRef = B8A47D961A518E3A001B0EAE /* CoreTelephony.framework */; };
		B8A47D991A518E45001B0EAE /* EventKit.framework in Frameworks */ = {isa = PBXBuildFile; fileRef = B8A47D981A518E45001B0EAE /* EventKit.framework */; };
		B8A47D9B1A518E4E001B0EAE /* EventKitUI.framework in Frameworks */ = {isa = PBXBuildFile; fileRef = B8A47D9A1A518E4E001B0EAE /* EventKitUI.framework */; };
		B8A47D9D1A518E5C001B0EAE /* MediaPlayer.framework in Frameworks */ = {isa = PBXBuildFile; fileRef = B8A47D9C1A518E5C001B0EAE /* MediaPlayer.framework */; };
		B8A47D9F1A518E68001B0EAE /* MessageUI.framework in Frameworks */ = {isa = PBXBuildFile; fileRef = B8A47D9E1A518E68001B0EAE /* MessageUI.framework */; };
		B8A47DA11A518E76001B0EAE /* QuartzCore.framework in Frameworks */ = {isa = PBXBuildFile; fileRef = B8A47DA01A518E75001B0EAE /* QuartzCore.framework */; };
		B8A47DA31A518E80001B0EAE /* Social.framework in Frameworks */ = {isa = PBXBuildFile; fileRef = B8A47DA21A518E80001B0EAE /* Social.framework */; };
		B8A47DA71A518F34001B0EAE /* AdColony.framework in Frameworks */ = {isa = PBXBuildFile; fileRef = B8A47DA61A518F34001B0EAE /* AdColony.framework */; };
		B8A47DA91A51939C001B0EAE /* StoreKit.framework in Frameworks */ = {isa = PBXBuildFile; fileRef = B8A47DA81A51939C001B0EAE /* StoreKit.framework */; };
		B8A5FE711A0DE80700F96DC8 /* InterfaceView.swift in Sources */ = {isa = PBXBuildFile; fileRef = B8A5FE701A0DE80700F96DC8 /* InterfaceView.swift */; };
		B8A5FE731A0E035600F96DC8 /* Panel.xib in Resources */ = {isa = PBXBuildFile; fileRef = B8A5FE721A0E035600F96DC8 /* Panel.xib */; };
		B8A5FE7B1A0E0EB800F96DC8 /* ViewUtil.swift in Sources */ = {isa = PBXBuildFile; fileRef = B8A5FE7A1A0E0EB800F96DC8 /* ViewUtil.swift */; };
		B8BF08671A5EC45F004CDC05 /* BookViewLockContentCell.swift in Sources */ = {isa = PBXBuildFile; fileRef = B8BF08661A5EC45F004CDC05 /* BookViewLockContentCell.swift */; };
		B8C12A671A0EF72B00276AEE /* Result.storyboard in Resources */ = {isa = PBXBuildFile; fileRef = B8C12A661A0EF72B00276AEE /* Result.storyboard */; };
		B8C12A691A0F0E6200276AEE /* ResultViewController.swift in Sources */ = {isa = PBXBuildFile; fileRef = B8C12A681A0F0E6200276AEE /* ResultViewController.swift */; };
		B8D22D571A177DA4001C7EB7 /* InformationView.swift in Sources */ = {isa = PBXBuildFile; fileRef = B8D22D561A177DA4001C7EB7 /* InformationView.swift */; };
		B8D22D591A17879B001C7EB7 /* Information.xib in Resources */ = {isa = PBXBuildFile; fileRef = B8D22D581A17879B001C7EB7 /* Information.xib */; };
		B8D5E58F1A539A5D004F6EC8 /* CalcCompare.swift in Sources */ = {isa = PBXBuildFile; fileRef = B8D5E58E1A539A5D004F6EC8 /* CalcCompare.swift */; };
		B8D5E5921A53E7F0004F6EC8 /* CalcCompareViewController.swift in Sources */ = {isa = PBXBuildFile; fileRef = B8D5E5911A53E7F0004F6EC8 /* CalcCompareViewController.swift */; };
		B8D5E5941A53EA8D004F6EC8 /* CalcCompare.storyboard in Resources */ = {isa = PBXBuildFile; fileRef = B8D5E5931A53EA8D004F6EC8 /* CalcCompare.storyboard */; };
		B8DB63D91A3D35E900834757 /* Book.storyboard in Resources */ = {isa = PBXBuildFile; fileRef = B8DB63D81A3D35E900834757 /* Book.storyboard */; };
		B8DB63DB1A3DA16C00834757 /* BookViewController.swift in Sources */ = {isa = PBXBuildFile; fileRef = B8DB63DA1A3DA16C00834757 /* BookViewController.swift */; };
		B8DB63DD1A3DB32300834757 /* BookViewContentCell.swift in Sources */ = {isa = PBXBuildFile; fileRef = B8DB63DC1A3DB32200834757 /* BookViewContentCell.swift */; };
		B8DCD63A1A50018600B941D3 /* Style.swift in Sources */ = {isa = PBXBuildFile; fileRef = B8DCD6391A50018600B941D3 /* Style.swift */; };
		B8DD55BB1A188F5F0060A6C2 /* DateUtil.swift in Sources */ = {isa = PBXBuildFile; fileRef = B8DD55BA1A188F5F0060A6C2 /* DateUtil.swift */; };
		B8E56ADD1A04F6F700024E00 /* UIViewControllerExtension.swift in Sources */ = {isa = PBXBuildFile; fileRef = B8E56ADC1A04F6F700024E00 /* UIViewControllerExtension.swift */; };
		B8E56ADF1A04FAE300024E00 /* UIViewExtension.swift in Sources */ = {isa = PBXBuildFile; fileRef = B8E56ADE1A04FAE300024E00 /* UIViewExtension.swift */; };
		B8E56AE11A050B5000024E00 /* Accelerate.framework in Frameworks */ = {isa = PBXBuildFile; fileRef = B8E56AE01A050B5000024E00 /* Accelerate.framework */; };
		B8E56AE31A050B5900024E00 /* UIKit.framework in Frameworks */ = {isa = PBXBuildFile; fileRef = B8E56AE21A050B5900024E00 /* UIKit.framework */; };
		B8E56AE51A050B6500024E00 /* CoreGraphics.framework in Frameworks */ = {isa = PBXBuildFile; fileRef = B8E56AE41A050B6500024E00 /* CoreGraphics.framework */; };
		B8E56AF81A05185C00024E00 /* UIImage+ImageEffects.m in Sources */ = {isa = PBXBuildFile; fileRef = B8E56AF71A05185C00024E00 /* UIImage+ImageEffects.m */; };
		B8E56AFD1A0522BF00024E00 /* TopViewController.swift in Sources */ = {isa = PBXBuildFile; fileRef = B8E56AFC1A0522BF00024E00 /* TopViewController.swift */; };
		B8E56AFF1A0522E800024E00 /* Top.storyboard in Resources */ = {isa = PBXBuildFile; fileRef = B8E56AFE1A0522E800024E00 /* Top.storyboard */; };
		F7A781A448062BA80F699AA1 /* libPods.a in Frameworks */ = {isa = PBXBuildFile; fileRef = 46F42EA6E252A99E85BAB868 /* libPods.a */; };
/* End PBXBuildFile section */

/* Begin PBXContainerItemProxy section */
		B82F588B1A04D09F005B68C6 /* PBXContainerItemProxy */ = {
			isa = PBXContainerItemProxy;
			containerPortal = B82F586D1A04D09F005B68C6 /* Project object */;
			proxyType = 1;
			remoteGlobalIDString = B82F58741A04D09F005B68C6;
			remoteInfo = brain;
		};
/* End PBXContainerItemProxy section */

/* Begin PBXFileReference section */
		443C53D41A3192F700EF5358 /* NotificationName.swift */ = {isa = PBXFileReference; fileEncoding = 4; lastKnownFileType = sourcecode.swift; path = NotificationName.swift; sourceTree = "<group>"; };
		46F42EA6E252A99E85BAB868 /* libPods.a */ = {isa = PBXFileReference; explicitFileType = archive.ar; includeInIndex = 0; path = libPods.a; sourceTree = BUILT_PRODUCTS_DIR; };
		7C7FE1D7267804137EE7D342 /* Pods.release.xcconfig */ = {isa = PBXFileReference; includeInIndex = 1; lastKnownFileType = text.xcconfig; name = Pods.release.xcconfig; path = "Pods/Target Support Files/Pods/Pods.release.xcconfig"; sourceTree = "<group>"; };
		B81BFEF41A45172700433B0B /* RoundedCornersView.swift */ = {isa = PBXFileReference; fileEncoding = 4; lastKnownFileType = sourcecode.swift; path = RoundedCornersView.swift; sourceTree = "<group>"; };
		B82ACCF91A27638F00EA9AA3 /* Skill.xib */ = {isa = PBXFileReference; fileEncoding = 4; lastKnownFileType = file.xib; path = Skill.xib; sourceTree = "<group>"; };
		B82ACCFB1A276B2500EA9AA3 /* SkillButtonView.swift */ = {isa = PBXFileReference; fileEncoding = 4; lastKnownFileType = sourcecode.swift; path = SkillButtonView.swift; sourceTree = "<group>"; };
		B82ACCFD1A2E7A7E00EA9AA3 /* Skills.swift */ = {isa = PBXFileReference; fileEncoding = 4; lastKnownFileType = sourcecode.swift; path = Skills.swift; sourceTree = "<group>"; };
		B82D61281A07BDF500BD10E8 /* GameBase.swift */ = {isa = PBXFileReference; fileEncoding = 4; lastKnownFileType = sourcecode.swift; path = GameBase.swift; sourceTree = "<group>"; };
		B82D612A1A07C41200BD10E8 /* Util.swift */ = {isa = PBXFileReference; fileEncoding = 4; lastKnownFileType = sourcecode.swift; path = Util.swift; sourceTree = "<group>"; };
		B82D612C1A07C69C00BD10E8 /* SpeedMatch.swift */ = {isa = PBXFileReference; fileEncoding = 4; lastKnownFileType = sourcecode.swift; path = SpeedMatch.swift; sourceTree = "<group>"; };
		B82D612E1A07CCEF00BD10E8 /* ColorMatch.swift */ = {isa = PBXFileReference; fileEncoding = 4; lastKnownFileType = sourcecode.swift; path = ColorMatch.swift; sourceTree = "<group>"; };
		B82D61301A07CFD300BD10E8 /* User.swift */ = {isa = PBXFileReference; fileEncoding = 4; lastKnownFileType = sourcecode.swift; path = User.swift; sourceTree = "<group>"; };
		B82D61381A0DC8D400BD10E8 /* PanelView.swift */ = {isa = PBXFileReference; fileEncoding = 4; lastKnownFileType = sourcecode.swift; path = PanelView.swift; sourceTree = "<group>"; };
		B82D613A1A0DCAA500BD10E8 /* Common.storyboard */ = {isa = PBXFileReference; fileEncoding = 4; lastKnownFileType = file.storyboard; path = Common.storyboard; sourceTree = "<group>"; };
		B82F58751A04D09F005B68C6 /* brain.app */ = {isa = PBXFileReference; explicitFileType = wrapper.application; includeInIndex = 0; path = brain.app; sourceTree = BUILT_PRODUCTS_DIR; };
		B82F58791A04D09F005B68C6 /* Info.plist */ = {isa = PBXFileReference; lastKnownFileType = text.plist.xml; path = Info.plist; sourceTree = "<group>"; };
		B82F587A1A04D09F005B68C6 /* AppDelegate.swift */ = {isa = PBXFileReference; lastKnownFileType = sourcecode.swift; path = AppDelegate.swift; sourceTree = "<group>"; };
		B82F587C1A04D09F005B68C6 /* BaseViewController.swift */ = {isa = PBXFileReference; lastKnownFileType = sourcecode.swift; path = BaseViewController.swift; sourceTree = "<group>"; };
		B82F587F1A04D09F005B68C6 /* Base */ = {isa = PBXFileReference; lastKnownFileType = file.storyboard; name = Base; path = Base.lproj/Main.storyboard; sourceTree = "<group>"; };
		B82F58811A04D09F005B68C6 /* Images.xcassets */ = {isa = PBXFileReference; lastKnownFileType = folder.assetcatalog; path = Images.xcassets; sourceTree = "<group>"; };
		B82F58841A04D09F005B68C6 /* Base */ = {isa = PBXFileReference; lastKnownFileType = file.xib; name = Base; path = Base.lproj/LaunchScreen.xib; sourceTree = "<group>"; };
		B82F588A1A04D09F005B68C6 /* brainTests.xctest */ = {isa = PBXFileReference; explicitFileType = wrapper.cfbundle; includeInIndex = 0; path = brainTests.xctest; sourceTree = BUILT_PRODUCTS_DIR; };
		B82F588F1A04D09F005B68C6 /* Info.plist */ = {isa = PBXFileReference; lastKnownFileType = text.plist.xml; path = Info.plist; sourceTree = "<group>"; };
		B82F58901A04D09F005B68C6 /* brainTests.swift */ = {isa = PBXFileReference; lastKnownFileType = sourcecode.swift; path = brainTests.swift; sourceTree = "<group>"; };
		B84F147F1A3888FE0094B5F1 /* ResultBrain.xib */ = {isa = PBXFileReference; fileEncoding = 4; lastKnownFileType = file.xib; path = ResultBrain.xib; sourceTree = "<group>"; };
		B84F14811A3890B90094B5F1 /* ResultBrainView.swift */ = {isa = PBXFileReference; fileEncoding = 4; lastKnownFileType = sourcecode.swift; path = ResultBrainView.swift; sourceTree = "<group>"; };
		B8788F6D1A567C07007181FB /* libGoogleAdMobAds.a */ = {isa = PBXFileReference; lastKnownFileType = archive.ar; name = libGoogleAdMobAds.a; path = "Pods/Google-Mobile-Ads-SDK/GoogleMobileAdsSdkiOS-6.12.2/libGoogleAdMobAds.a"; sourceTree = "<group>"; };
		B8788F6F1A567D92007181FB /* AdBaseViewController.swift */ = {isa = PBXFileReference; fileEncoding = 4; lastKnownFileType = sourcecode.swift; path = AdBaseViewController.swift; sourceTree = "<group>"; };
		B8788F7D1A56939D007181FB /* libNendAd.a */ = {isa = PBXFileReference; lastKnownFileType = archive.ar; path = libNendAd.a; sourceTree = "<group>"; };
		B8788F7E1A56939D007181FB /* NADIconArrayView.h */ = {isa = PBXFileReference; fileEncoding = 4; lastKnownFileType = sourcecode.c.h; path = NADIconArrayView.h; sourceTree = "<group>"; };
		B8788F7F1A56939D007181FB /* NADIconLoader.h */ = {isa = PBXFileReference; fileEncoding = 4; lastKnownFileType = sourcecode.c.h; path = NADIconLoader.h; sourceTree = "<group>"; };
		B8788F801A56939D007181FB /* NADIconView.h */ = {isa = PBXFileReference; fileEncoding = 4; lastKnownFileType = sourcecode.c.h; path = NADIconView.h; sourceTree = "<group>"; };
		B8788F811A56939D007181FB /* NADInterstitial.h */ = {isa = PBXFileReference; fileEncoding = 4; lastKnownFileType = sourcecode.c.h; path = NADInterstitial.h; sourceTree = "<group>"; };
		B8788F821A56939D007181FB /* NADView.h */ = {isa = PBXFileReference; fileEncoding = 4; lastKnownFileType = sourcecode.c.h; path = NADView.h; sourceTree = "<group>"; };
		B8788F841A5693B1007181FB /* libAdapterNend.a */ = {isa = PBXFileReference; lastKnownFileType = archive.ar; path = libAdapterNend.a; sourceTree = "<group>"; };
		B8788F861A56949E007181FB /* ImageIO.framework */ = {isa = PBXFileReference; lastKnownFileType = wrapper.framework; name = ImageIO.framework; path = System/Library/Frameworks/ImageIO.framework; sourceTree = SDKROOT; };
		B87EC8561A1A38A40038E8C8 /* ExpGauge.xib */ = {isa = PBXFileReference; fileEncoding = 4; lastKnownFileType = file.xib; path = ExpGauge.xib; sourceTree = "<group>"; };
		B87EC8581A1A39960038E8C8 /* ExpGaugeView.swift */ = {isa = PBXFileReference; fileEncoding = 4; lastKnownFileType = sourcecode.swift; path = ExpGaugeView.swift; sourceTree = "<group>"; };
		B88C207A1A05D3CE000DC4E7 /* GameSelect.storyboard */ = {isa = PBXFileReference; fileEncoding = 4; lastKnownFileType = file.storyboard; path = GameSelect.storyboard; sourceTree = "<group>"; };
		B88C207E1A05D4C3000DC4E7 /* GameSelectContentCell.swift */ = {isa = PBXFileReference; fileEncoding = 4; lastKnownFileType = sourcecode.swift; path = GameSelectContentCell.swift; sourceTree = "<group>"; };
		B88C20801A0623AC000DC4E7 /* GameSelectViewController.swift */ = {isa = PBXFileReference; fileEncoding = 4; lastKnownFileType = sourcecode.swift; path = GameSelectViewController.swift; sourceTree = "<group>"; };
		B88C20821A063262000DC4E7 /* Config.swift */ = {isa = PBXFileReference; fileEncoding = 4; lastKnownFileType = sourcecode.swift; path = Config.swift; sourceTree = "<group>"; };
		B88C20851A063450000DC4E7 /* Games.swift */ = {isa = PBXFileReference; fileEncoding = 4; lastKnownFileType = sourcecode.swift; path = Games.swift; sourceTree = "<group>"; };
		B88C20871A073054000DC4E7 /* SpeedMatch.storyboard */ = {isa = PBXFileReference; fileEncoding = 4; lastKnownFileType = file.storyboard; path = SpeedMatch.storyboard; sourceTree = "<group>"; };
		B88C20891A073085000DC4E7 /* SpeedMatchViewController.swift */ = {isa = PBXFileReference; fileEncoding = 4; lastKnownFileType = sourcecode.swift; path = SpeedMatchViewController.swift; sourceTree = "<group>"; };
		B88C208D1A0752A9000DC4E7 /* Help.storyboard */ = {isa = PBXFileReference; fileEncoding = 4; lastKnownFileType = file.storyboard; path = Help.storyboard; sourceTree = "<group>"; };
		B88C208F1A075334000DC4E7 /* HelpViewController.swift */ = {isa = PBXFileReference; fileEncoding = 4; lastKnownFileType = sourcecode.swift; path = HelpViewController.swift; sourceTree = "<group>"; };
		B89105BE1A20226600860A7B /* CircleView.swift */ = {isa = PBXFileReference; fileEncoding = 4; lastKnownFileType = sourcecode.swift; path = CircleView.swift; sourceTree = "<group>"; };
		B89105C01A20341A00860A7B /* RoundedCornersBorderView.swift */ = {isa = PBXFileReference; fileEncoding = 4; lastKnownFileType = sourcecode.swift; path = RoundedCornersBorderView.swift; sourceTree = "<group>"; };
		B89105D71A20872100860A7B /* Base */ = {isa = PBXFileReference; lastKnownFileType = text.plist.strings; name = Base; path = Base.lproj/Localizable.strings; sourceTree = "<group>"; };
		B89105D91A20873200860A7B /* ja */ = {isa = PBXFileReference; lastKnownFileType = text.plist.strings; name = ja; path = ja.lproj/Localizable.strings; sourceTree = "<group>"; };
		B8A025601A469BC300368635 /* ColorMatch.storyboard */ = {isa = PBXFileReference; fileEncoding = 4; lastKnownFileType = file.storyboard; path = ColorMatch.storyboard; sourceTree = "<group>"; };
		B8A025621A469C4400368635 /* ColorMatchViewController.swift */ = {isa = PBXFileReference; fileEncoding = 4; lastKnownFileType = sourcecode.swift; path = ColorMatchViewController.swift; sourceTree = "<group>"; };
		B8A47D861A517F43001B0EAE /* AdSupport.framework */ = {isa = PBXFileReference; lastKnownFileType = wrapper.framework; name = AdSupport.framework; path = System/Library/Frameworks/AdSupport.framework; sourceTree = SDKROOT; };
		B8A47D881A517F66001B0EAE /* SystemConfiguration.framework */ = {isa = PBXFileReference; lastKnownFileType = wrapper.framework; name = SystemConfiguration.framework; path = System/Library/Frameworks/SystemConfiguration.framework; sourceTree = SDKROOT; };
		B8A47D8A1A517F71001B0EAE /* CoreData.framework */ = {isa = PBXFileReference; lastKnownFileType = wrapper.framework; name = CoreData.framework; path = System/Library/Frameworks/CoreData.framework; sourceTree = SDKROOT; };
		B8A47D8C1A517F7F001B0EAE /* libsqlite3.0.dylib */ = {isa = PBXFileReference; lastKnownFileType = "compiled.mach-o.dylib"; name = libsqlite3.0.dylib; path = usr/lib/libsqlite3.0.dylib; sourceTree = SDKROOT; };
		B8A47D8E1A517F8B001B0EAE /* libz.dylib */ = {isa = PBXFileReference; lastKnownFileType = "compiled.mach-o.dylib"; name = libz.dylib; path = usr/lib/libz.dylib; sourceTree = SDKROOT; };
		B8A47D901A518DF3001B0EAE /* AudioToolbox.framework */ = {isa = PBXFileReference; lastKnownFileType = wrapper.framework; name = AudioToolbox.framework; path = System/Library/Frameworks/AudioToolbox.framework; sourceTree = SDKROOT; };
		B8A47D921A518E10001B0EAE /* AVFoundation.framework */ = {isa = PBXFileReference; lastKnownFileType = wrapper.framework; name = AVFoundation.framework; path = System/Library/Frameworks/AVFoundation.framework; sourceTree = SDKROOT; };
		B8A47D941A518E29001B0EAE /* CoreMedia.framework */ = {isa = PBXFileReference; lastKnownFileType = wrapper.framework; name = CoreMedia.framework; path = System/Library/Frameworks/CoreMedia.framework; sourceTree = SDKROOT; };
		B8A47D961A518E3A001B0EAE /* CoreTelephony.framework */ = {isa = PBXFileReference; lastKnownFileType = wrapper.framework; name = CoreTelephony.framework; path = System/Library/Frameworks/CoreTelephony.framework; sourceTree = SDKROOT; };
		B8A47D981A518E45001B0EAE /* EventKit.framework */ = {isa = PBXFileReference; lastKnownFileType = wrapper.framework; name = EventKit.framework; path = System/Library/Frameworks/EventKit.framework; sourceTree = SDKROOT; };
		B8A47D9A1A518E4E001B0EAE /* EventKitUI.framework */ = {isa = PBXFileReference; lastKnownFileType = wrapper.framework; name = EventKitUI.framework; path = System/Library/Frameworks/EventKitUI.framework; sourceTree = SDKROOT; };
		B8A47D9C1A518E5C001B0EAE /* MediaPlayer.framework */ = {isa = PBXFileReference; lastKnownFileType = wrapper.framework; name = MediaPlayer.framework; path = System/Library/Frameworks/MediaPlayer.framework; sourceTree = SDKROOT; };
		B8A47D9E1A518E68001B0EAE /* MessageUI.framework */ = {isa = PBXFileReference; lastKnownFileType = wrapper.framework; name = MessageUI.framework; path = System/Library/Frameworks/MessageUI.framework; sourceTree = SDKROOT; };
		B8A47DA01A518E75001B0EAE /* QuartzCore.framework */ = {isa = PBXFileReference; lastKnownFileType = wrapper.framework; name = QuartzCore.framework; path = System/Library/Frameworks/QuartzCore.framework; sourceTree = SDKROOT; };
		B8A47DA21A518E80001B0EAE /* Social.framework */ = {isa = PBXFileReference; lastKnownFileType = wrapper.framework; name = Social.framework; path = System/Library/Frameworks/Social.framework; sourceTree = SDKROOT; };
		B8A47DA61A518F34001B0EAE /* AdColony.framework */ = {isa = PBXFileReference; lastKnownFileType = wrapper.framework; path = AdColony.framework; sourceTree = "<group>"; };
		B8A47DA81A51939C001B0EAE /* StoreKit.framework */ = {isa = PBXFileReference; lastKnownFileType = wrapper.framework; name = StoreKit.framework; path = System/Library/Frameworks/StoreKit.framework; sourceTree = SDKROOT; };
		B8A5FE701A0DE80700F96DC8 /* InterfaceView.swift */ = {isa = PBXFileReference; fileEncoding = 4; lastKnownFileType = sourcecode.swift; path = InterfaceView.swift; sourceTree = "<group>"; };
		B8A5FE721A0E035600F96DC8 /* Panel.xib */ = {isa = PBXFileReference; fileEncoding = 4; lastKnownFileType = file.xib; path = Panel.xib; sourceTree = "<group>"; };
		B8A5FE7A1A0E0EB800F96DC8 /* ViewUtil.swift */ = {isa = PBXFileReference; fileEncoding = 4; lastKnownFileType = sourcecode.swift; path = ViewUtil.swift; sourceTree = "<group>"; };
		B8BF08661A5EC45F004CDC05 /* BookViewLockContentCell.swift */ = {isa = PBXFileReference; fileEncoding = 4; lastKnownFileType = sourcecode.swift; path = BookViewLockContentCell.swift; sourceTree = "<group>"; };
		B8C12A661A0EF72B00276AEE /* Result.storyboard */ = {isa = PBXFileReference; fileEncoding = 4; lastKnownFileType = file.storyboard; path = Result.storyboard; sourceTree = "<group>"; };
		B8C12A681A0F0E6200276AEE /* ResultViewController.swift */ = {isa = PBXFileReference; fileEncoding = 4; lastKnownFileType = sourcecode.swift; path = ResultViewController.swift; sourceTree = "<group>"; };
		B8D22D561A177DA4001C7EB7 /* InformationView.swift */ = {isa = PBXFileReference; fileEncoding = 4; lastKnownFileType = sourcecode.swift; path = InformationView.swift; sourceTree = "<group>"; };
		B8D22D581A17879B001C7EB7 /* Information.xib */ = {isa = PBXFileReference; fileEncoding = 4; lastKnownFileType = file.xib; path = Information.xib; sourceTree = "<group>"; };
		B8D5E58E1A539A5D004F6EC8 /* CalcCompare.swift */ = {isa = PBXFileReference; fileEncoding = 4; lastKnownFileType = sourcecode.swift; path = CalcCompare.swift; sourceTree = "<group>"; };
		B8D5E5911A53E7F0004F6EC8 /* CalcCompareViewController.swift */ = {isa = PBXFileReference; fileEncoding = 4; lastKnownFileType = sourcecode.swift; path = CalcCompareViewController.swift; sourceTree = "<group>"; };
		B8D5E5931A53EA8D004F6EC8 /* CalcCompare.storyboard */ = {isa = PBXFileReference; fileEncoding = 4; lastKnownFileType = file.storyboard; path = CalcCompare.storyboard; sourceTree = "<group>"; };
		B8DB63D81A3D35E900834757 /* Book.storyboard */ = {isa = PBXFileReference; fileEncoding = 4; lastKnownFileType = file.storyboard; path = Book.storyboard; sourceTree = "<group>"; };
		B8DB63DA1A3DA16C00834757 /* BookViewController.swift */ = {isa = PBXFileReference; fileEncoding = 4; lastKnownFileType = sourcecode.swift; path = BookViewController.swift; sourceTree = "<group>"; };
		B8DB63DC1A3DB32200834757 /* BookViewContentCell.swift */ = {isa = PBXFileReference; fileEncoding = 4; lastKnownFileType = sourcecode.swift; path = BookViewContentCell.swift; sourceTree = "<group>"; };
		B8DCD6391A50018600B941D3 /* Style.swift */ = {isa = PBXFileReference; fileEncoding = 4; lastKnownFileType = sourcecode.swift; path = Style.swift; sourceTree = "<group>"; };
		B8DD55BA1A188F5F0060A6C2 /* DateUtil.swift */ = {isa = PBXFileReference; fileEncoding = 4; lastKnownFileType = sourcecode.swift; path = DateUtil.swift; sourceTree = "<group>"; };
		B8E56ADC1A04F6F700024E00 /* UIViewControllerExtension.swift */ = {isa = PBXFileReference; fileEncoding = 4; lastKnownFileType = sourcecode.swift; path = UIViewControllerExtension.swift; sourceTree = "<group>"; };
		B8E56ADE1A04FAE300024E00 /* UIViewExtension.swift */ = {isa = PBXFileReference; fileEncoding = 4; lastKnownFileType = sourcecode.swift; path = UIViewExtension.swift; sourceTree = "<group>"; };
		B8E56AE01A050B5000024E00 /* Accelerate.framework */ = {isa = PBXFileReference; lastKnownFileType = wrapper.framework; name = Accelerate.framework; path = System/Library/Frameworks/Accelerate.framework; sourceTree = SDKROOT; };
		B8E56AE21A050B5900024E00 /* UIKit.framework */ = {isa = PBXFileReference; lastKnownFileType = wrapper.framework; name = UIKit.framework; path = System/Library/Frameworks/UIKit.framework; sourceTree = SDKROOT; };
		B8E56AE41A050B6500024E00 /* CoreGraphics.framework */ = {isa = PBXFileReference; lastKnownFileType = wrapper.framework; name = CoreGraphics.framework; path = System/Library/Frameworks/CoreGraphics.framework; sourceTree = SDKROOT; };
		B8E56AF61A05185C00024E00 /* UIImage+ImageEffects.h */ = {isa = PBXFileReference; fileEncoding = 4; lastKnownFileType = sourcecode.c.h; path = "UIImage+ImageEffects.h"; sourceTree = "<group>"; };
		B8E56AF71A05185C00024E00 /* UIImage+ImageEffects.m */ = {isa = PBXFileReference; fileEncoding = 4; lastKnownFileType = sourcecode.c.objc; path = "UIImage+ImageEffects.m"; sourceTree = "<group>"; };
		B8E56AF91A0518CC00024E00 /* brain-Bridging-Header.h */ = {isa = PBXFileReference; lastKnownFileType = sourcecode.c.h; path = "brain-Bridging-Header.h"; sourceTree = "<group>"; };
		B8E56AFC1A0522BF00024E00 /* TopViewController.swift */ = {isa = PBXFileReference; fileEncoding = 4; lastKnownFileType = sourcecode.swift; path = TopViewController.swift; sourceTree = "<group>"; };
		B8E56AFE1A0522E800024E00 /* Top.storyboard */ = {isa = PBXFileReference; fileEncoding = 4; lastKnownFileType = file.storyboard; name = Top.storyboard; path = brain/storyboards/Top.storyboard; sourceTree = SOURCE_ROOT; };
		E6F4F9CDD02E51D342B7D82C /* Pods.debug.xcconfig */ = {isa = PBXFileReference; includeInIndex = 1; lastKnownFileType = text.xcconfig; name = Pods.debug.xcconfig; path = "Pods/Target Support Files/Pods/Pods.debug.xcconfig"; sourceTree = "<group>"; };
/* End PBXFileReference section */

/* Begin PBXFrameworksBuildPhase section */
		B82F58721A04D09F005B68C6 /* Frameworks */ = {
			isa = PBXFrameworksBuildPhase;
			buildActionMask = 2147483647;
			files = (
				B8788F871A56949E007181FB /* ImageIO.framework in Frameworks */,
				B8788F6E1A567C07007181FB /* libGoogleAdMobAds.a in Frameworks */,
				B8A47DA91A51939C001B0EAE /* StoreKit.framework in Frameworks */,
				B8A47DA31A518E80001B0EAE /* Social.framework in Frameworks */,
				B8A47DA11A518E76001B0EAE /* QuartzCore.framework in Frameworks */,
				B8A47D9F1A518E68001B0EAE /* MessageUI.framework in Frameworks */,
				B8A47D9D1A518E5C001B0EAE /* MediaPlayer.framework in Frameworks */,
				B8A47D9B1A518E4E001B0EAE /* EventKitUI.framework in Frameworks */,
				B8A47D991A518E45001B0EAE /* EventKit.framework in Frameworks */,
				B8788F831A56939D007181FB /* libNendAd.a in Frameworks */,
				B8A47D971A518E3A001B0EAE /* CoreTelephony.framework in Frameworks */,
				B8A47D951A518E29001B0EAE /* CoreMedia.framework in Frameworks */,
				B8E56AE51A050B6500024E00 /* CoreGraphics.framework in Frameworks */,
				B8A47D931A518E10001B0EAE /* AVFoundation.framework in Frameworks */,
				B8A47D911A518DF3001B0EAE /* AudioToolbox.framework in Frameworks */,
				B8A47D8F1A517F8B001B0EAE /* libz.dylib in Frameworks */,
				B8A47D8D1A517F7F001B0EAE /* libsqlite3.0.dylib in Frameworks */,
				B8A47D8B1A517F71001B0EAE /* CoreData.framework in Frameworks */,
				B8A47D891A517F66001B0EAE /* SystemConfiguration.framework in Frameworks */,
				B8A47D871A517F43001B0EAE /* AdSupport.framework in Frameworks */,
				B8E56AE31A050B5900024E00 /* UIKit.framework in Frameworks */,
				B8788F851A5693B1007181FB /* libAdapterNend.a in Frameworks */,
				B8E56AE11A050B5000024E00 /* Accelerate.framework in Frameworks */,
				F7A781A448062BA80F699AA1 /* libPods.a in Frameworks */,
				B8A47DA71A518F34001B0EAE /* AdColony.framework in Frameworks */,
			);
			runOnlyForDeploymentPostprocessing = 0;
		};
		B82F58871A04D09F005B68C6 /* Frameworks */ = {
			isa = PBXFrameworksBuildPhase;
			buildActionMask = 2147483647;
			files = (
			);
			runOnlyForDeploymentPostprocessing = 0;
		};
/* End PBXFrameworksBuildPhase section */

/* Begin PBXGroup section */
		8C06567C88023E4FFF772A6A /* Frameworks */ = {
			isa = PBXGroup;
			children = (
				B8788F861A56949E007181FB /* ImageIO.framework */,
				B8788F6D1A567C07007181FB /* libGoogleAdMobAds.a */,
				B8A47DA81A51939C001B0EAE /* StoreKit.framework */,
				B8A47DA61A518F34001B0EAE /* AdColony.framework */,
				B8A47DA21A518E80001B0EAE /* Social.framework */,
				B8A47DA01A518E75001B0EAE /* QuartzCore.framework */,
				B8A47D9E1A518E68001B0EAE /* MessageUI.framework */,
				B8A47D9C1A518E5C001B0EAE /* MediaPlayer.framework */,
				B8A47D9A1A518E4E001B0EAE /* EventKitUI.framework */,
				B8A47D981A518E45001B0EAE /* EventKit.framework */,
				B8A47D961A518E3A001B0EAE /* CoreTelephony.framework */,
				B8A47D941A518E29001B0EAE /* CoreMedia.framework */,
				B8A47D921A518E10001B0EAE /* AVFoundation.framework */,
				B8A47D901A518DF3001B0EAE /* AudioToolbox.framework */,
				B8A47D8E1A517F8B001B0EAE /* libz.dylib */,
				B8A47D8C1A517F7F001B0EAE /* libsqlite3.0.dylib */,
				B8A47D8A1A517F71001B0EAE /* CoreData.framework */,
				B8A47D881A517F66001B0EAE /* SystemConfiguration.framework */,
				B8A47D861A517F43001B0EAE /* AdSupport.framework */,
				B8E56AE41A050B6500024E00 /* CoreGraphics.framework */,
				B8E56AE21A050B5900024E00 /* UIKit.framework */,
				B8E56AE01A050B5000024E00 /* Accelerate.framework */,
				46F42EA6E252A99E85BAB868 /* libPods.a */,
			);
			name = Frameworks;
			sourceTree = "<group>";
		};
		B82D61271A07BD5D00BD10E8 /* functions */ = {
			isa = PBXGroup;
			children = (
				B82D612A1A07C41200BD10E8 /* Util.swift */,
				B82D61281A07BDF500BD10E8 /* GameBase.swift */,
				B82D612C1A07C69C00BD10E8 /* SpeedMatch.swift */,
				B82D612E1A07CCEF00BD10E8 /* ColorMatch.swift */,
				B8D5E58E1A539A5D004F6EC8 /* CalcCompare.swift */,
			);
			path = functions;
			sourceTree = "<group>";
		};
		B82D61371A0DC8A200BD10E8 /* views */ = {
			isa = PBXGroup;
			children = (
				B89105BD1A20220500860A7B /* custom */,
				B82D61381A0DC8D400BD10E8 /* PanelView.swift */,
				B8A5FE701A0DE80700F96DC8 /* InterfaceView.swift */,
				B8D22D561A177DA4001C7EB7 /* InformationView.swift */,
				B87EC8581A1A39960038E8C8 /* ExpGaugeView.swift */,
				B82ACCFB1A276B2500EA9AA3 /* SkillButtonView.swift */,
				B84F14811A3890B90094B5F1 /* ResultBrainView.swift */,
			);
			path = views;
			sourceTree = "<group>";
		};
		B82F586C1A04D09F005B68C6 = {
			isa = PBXGroup;
			children = (
				B82F58771A04D09F005B68C6 /* brain */,
				B82F588D1A04D09F005B68C6 /* brainTests */,
				B82F58761A04D09F005B68C6 /* Products */,
				E85BC8050549BE9AD20909E8 /* Pods */,
				8C06567C88023E4FFF772A6A /* Frameworks */,
			);
			sourceTree = "<group>";
		};
		B82F58761A04D09F005B68C6 /* Products */ = {
			isa = PBXGroup;
			children = (
				B82F58751A04D09F005B68C6 /* brain.app */,
				B82F588A1A04D09F005B68C6 /* brainTests.xctest */,
			);
			name = Products;
			sourceTree = "<group>";
		};
		B82F58771A04D09F005B68C6 /* brain */ = {
			isa = PBXGroup;
			children = (
				B82F589B1A04D18D005B68C6 /* storyboards */,
				B82F589A1A04D112005B68C6 /* scripts */,
				B82F58811A04D09F005B68C6 /* Images.xcassets */,
				B82F587E1A04D09F005B68C6 /* Main.storyboard */,
				B82F58831A04D09F005B68C6 /* LaunchScreen.xib */,
				B82F58781A04D09F005B68C6 /* Supporting Files */,
				B89105D81A20872100860A7B /* Localizable.strings */,
			);
			path = brain;
			sourceTree = "<group>";
		};
		B82F58781A04D09F005B68C6 /* Supporting Files */ = {
			isa = PBXGroup;
			children = (
				B82F58791A04D09F005B68C6 /* Info.plist */,
			);
			name = "Supporting Files";
			sourceTree = "<group>";
		};
		B82F588D1A04D09F005B68C6 /* brainTests */ = {
			isa = PBXGroup;
			children = (
				B82F58901A04D09F005B68C6 /* brainTests.swift */,
				B82F588E1A04D09F005B68C6 /* Supporting Files */,
			);
			path = brainTests;
			sourceTree = "<group>";
		};
		B82F588E1A04D09F005B68C6 /* Supporting Files */ = {
			isa = PBXGroup;
			children = (
				B82F588F1A04D09F005B68C6 /* Info.plist */,
			);
			name = "Supporting Files";
			sourceTree = "<group>";
		};
		B82F589A1A04D112005B68C6 /* scripts */ = {
			isa = PBXGroup;
			children = (
				B82F587A1A04D09F005B68C6 /* AppDelegate.swift */,
				B88C20821A063262000DC4E7 /* Config.swift */,
				B8DCD6391A50018600B941D3 /* Style.swift */,
				443C53D41A3192F700EF5358 /* NotificationName.swift */,
				B8A5FE791A0E0E8800F96DC8 /* util */,
				B8E56AF31A05177300024E00 /* vender */,
				B8E56AD81A04DC8500024E00 /* extensions */,
				B82F589C1A04D219005B68C6 /* view_controllers */,
				B82D61371A0DC8A200BD10E8 /* views */,
				B82D61271A07BD5D00BD10E8 /* functions */,
				B88C20841A063410000DC4E7 /* models */,
			);
			path = scripts;
			sourceTree = "<group>";
		};
		B82F589B1A04D18D005B68C6 /* storyboards */ = {
			isa = PBXGroup;
			children = (
				B8E56AFE1A0522E800024E00 /* Top.storyboard */,
				B8DB63D81A3D35E900834757 /* Book.storyboard */,
				B88C207A1A05D3CE000DC4E7 /* GameSelect.storyboard */,
				B88C20871A073054000DC4E7 /* SpeedMatch.storyboard */,
				B8A025601A469BC300368635 /* ColorMatch.storyboard */,
				B8D5E5931A53EA8D004F6EC8 /* CalcCompare.storyboard */,
				B88C208D1A0752A9000DC4E7 /* Help.storyboard */,
				B82D613A1A0DCAA500BD10E8 /* Common.storyboard */,
				B8C12A661A0EF72B00276AEE /* Result.storyboard */,
				B8A5FE721A0E035600F96DC8 /* Panel.xib */,
				B8D22D581A17879B001C7EB7 /* Information.xib */,
				B87EC8561A1A38A40038E8C8 /* ExpGauge.xib */,
				B82ACCF91A27638F00EA9AA3 /* Skill.xib */,
				B84F147F1A3888FE0094B5F1 /* ResultBrain.xib */,
			);
			path = storyboards;
			sourceTree = "<group>";
		};
		B82F589C1A04D219005B68C6 /* view_controllers */ = {
			isa = PBXGroup;
			children = (
				B82F587C1A04D09F005B68C6 /* BaseViewController.swift */,
				B8788F6F1A567D92007181FB /* AdBaseViewController.swift */,
				B8E56AFC1A0522BF00024E00 /* TopViewController.swift */,
				B88C20801A0623AC000DC4E7 /* GameSelectViewController.swift */,
				B88C207E1A05D4C3000DC4E7 /* GameSelectContentCell.swift */,
				B88C20891A073085000DC4E7 /* SpeedMatchViewController.swift */,
				B8A025621A469C4400368635 /* ColorMatchViewController.swift */,
				B8D5E5911A53E7F0004F6EC8 /* CalcCompareViewController.swift */,
				B8C12A681A0F0E6200276AEE /* ResultViewController.swift */,
				B88C208F1A075334000DC4E7 /* HelpViewController.swift */,
				B8DB63DA1A3DA16C00834757 /* BookViewController.swift */,
				B8DB63DC1A3DB32200834757 /* BookViewContentCell.swift */,
				B8BF08661A5EC45F004CDC05 /* BookViewLockContentCell.swift */,
			);
			path = view_controllers;
			sourceTree = "<group>";
		};
		B8788F7C1A56939D007181FB /* NendAd */ = {
			isa = PBXGroup;
			children = (
				B8788F841A5693B1007181FB /* libAdapterNend.a */,
				B8788F7D1A56939D007181FB /* libNendAd.a */,
				B8788F7E1A56939D007181FB /* NADIconArrayView.h */,
				B8788F7F1A56939D007181FB /* NADIconLoader.h */,
				B8788F801A56939D007181FB /* NADIconView.h */,
				B8788F811A56939D007181FB /* NADInterstitial.h */,
				B8788F821A56939D007181FB /* NADView.h */,
			);
			path = NendAd;
			sourceTree = "<group>";
		};
		B88C20841A063410000DC4E7 /* models */ = {
			isa = PBXGroup;
			children = (
				B88C20851A063450000DC4E7 /* Games.swift */,
				B82D61301A07CFD300BD10E8 /* User.swift */,
				B82ACCFD1A2E7A7E00EA9AA3 /* Skills.swift */,
			);
			path = models;
			sourceTree = "<group>";
		};
		B89105BD1A20220500860A7B /* custom */ = {
			isa = PBXGroup;
			children = (
				B89105BE1A20226600860A7B /* CircleView.swift */,
				B89105C01A20341A00860A7B /* RoundedCornersBorderView.swift */,
				B81BFEF41A45172700433B0B /* RoundedCornersView.swift */,
			);
			path = custom;
			sourceTree = "<group>";
		};
		B8A5FE791A0E0E8800F96DC8 /* util */ = {
			isa = PBXGroup;
			children = (
				B8A5FE7A1A0E0EB800F96DC8 /* ViewUtil.swift */,
				B8DD55BA1A188F5F0060A6C2 /* DateUtil.swift */,
			);
			path = util;
			sourceTree = "<group>";
		};
		B8E56AD81A04DC8500024E00 /* extensions */ = {
			isa = PBXGroup;
			children = (
				B8E56ADC1A04F6F700024E00 /* UIViewControllerExtension.swift */,
				B8E56ADE1A04FAE300024E00 /* UIViewExtension.swift */,
			);
			path = extensions;
			sourceTree = "<group>";
		};
		B8E56AF31A05177300024E00 /* vender */ = {
			isa = PBXGroup;
			children = (
				B8E56AF61A05185C00024E00 /* UIImage+ImageEffects.h */,
				B8E56AF71A05185C00024E00 /* UIImage+ImageEffects.m */,
				B8E56AF91A0518CC00024E00 /* brain-Bridging-Header.h */,
				B8788F7C1A56939D007181FB /* NendAd */,
			);
			path = vender;
			sourceTree = "<group>";
		};
		E85BC8050549BE9AD20909E8 /* Pods */ = {
			isa = PBXGroup;
			children = (
				E6F4F9CDD02E51D342B7D82C /* Pods.debug.xcconfig */,
				7C7FE1D7267804137EE7D342 /* Pods.release.xcconfig */,
			);
			name = Pods;
			sourceTree = "<group>";
		};
/* End PBXGroup section */

/* Begin PBXNativeTarget section */
		B82F58741A04D09F005B68C6 /* brain */ = {
			isa = PBXNativeTarget;
			buildConfigurationList = B82F58941A04D09F005B68C6 /* Build configuration list for PBXNativeTarget "brain" */;
			buildPhases = (
				D8EDFF70177BD31EB5885B1D /* Check Pods Manifest.lock */,
				B82F58711A04D09F005B68C6 /* Sources */,
				B82F58721A04D09F005B68C6 /* Frameworks */,
				B82F58731A04D09F005B68C6 /* Resources */,
				2ABBF05672A78207F93D0D8E /* Copy Pods Resources */,
			);
			buildRules = (
			);
			dependencies = (
			);
			name = brain;
			productName = brain;
			productReference = B82F58751A04D09F005B68C6 /* brain.app */;
			productType = "com.apple.product-type.application";
		};
		B82F58891A04D09F005B68C6 /* brainTests */ = {
			isa = PBXNativeTarget;
			buildConfigurationList = B82F58971A04D09F005B68C6 /* Build configuration list for PBXNativeTarget "brainTests" */;
			buildPhases = (
				B82F58861A04D09F005B68C6 /* Sources */,
				B82F58871A04D09F005B68C6 /* Frameworks */,
				B82F58881A04D09F005B68C6 /* Resources */,
			);
			buildRules = (
			);
			dependencies = (
				B82F588C1A04D09F005B68C6 /* PBXTargetDependency */,
			);
			name = brainTests;
			productName = brainTests;
			productReference = B82F588A1A04D09F005B68C6 /* brainTests.xctest */;
			productType = "com.apple.product-type.bundle.unit-test";
		};
/* End PBXNativeTarget section */

/* Begin PBXProject section */
		B82F586D1A04D09F005B68C6 /* Project object */ = {
			isa = PBXProject;
			attributes = {
				LastUpgradeCheck = 0610;
				ORGANIZATIONNAME = yoshinbo;
				TargetAttributes = {
					B82F58741A04D09F005B68C6 = {
						CreatedOnToolsVersion = 6.1;
						DevelopmentTeam = U7S6R69X9B;
					};
					B82F58891A04D09F005B68C6 = {
						CreatedOnToolsVersion = 6.1;
						TestTargetID = B82F58741A04D09F005B68C6;
					};
				};
			};
			buildConfigurationList = B82F58701A04D09F005B68C6 /* Build configuration list for PBXProject "brain" */;
			compatibilityVersion = "Xcode 3.2";
			developmentRegion = English;
			hasScannedForEncodings = 0;
			knownRegions = (
				en,
				Base,
				ja,
			);
			mainGroup = B82F586C1A04D09F005B68C6;
			productRefGroup = B82F58761A04D09F005B68C6 /* Products */;
			projectDirPath = "";
			projectRoot = "";
			targets = (
				B82F58741A04D09F005B68C6 /* brain */,
				B82F58891A04D09F005B68C6 /* brainTests */,
			);
		};
/* End PBXProject section */

/* Begin PBXResourcesBuildPhase section */
		B82F58731A04D09F005B68C6 /* Resources */ = {
			isa = PBXResourcesBuildPhase;
			buildActionMask = 2147483647;
			files = (
				B88C20881A073054000DC4E7 /* SpeedMatch.storyboard in Resources */,
				B8DB63D91A3D35E900834757 /* Book.storyboard in Resources */,
				B84F14801A3888FE0094B5F1 /* ResultBrain.xib in Resources */,
				B82D613B1A0DCAA500BD10E8 /* Common.storyboard in Resources */,
				B82F58801A04D09F005B68C6 /* Main.storyboard in Resources */,
				B8A5FE731A0E035600F96DC8 /* Panel.xib in Resources */,
				B8D22D591A17879B001C7EB7 /* Information.xib in Resources */,
				B8E56AFF1A0522E800024E00 /* Top.storyboard in Resources */,
				B8C12A671A0EF72B00276AEE /* Result.storyboard in Resources */,
				B8D5E5941A53EA8D004F6EC8 /* CalcCompare.storyboard in Resources */,
				B8A025611A469BC400368635 /* ColorMatch.storyboard in Resources */,
				B82ACCFA1A27638F00EA9AA3 /* Skill.xib in Resources */,
				B87EC8571A1A38A40038E8C8 /* ExpGauge.xib in Resources */,
				B88C207B1A05D3CE000DC4E7 /* GameSelect.storyboard in Resources */,
				B89105D61A20872100860A7B /* Localizable.strings in Resources */,
				B88C208E1A0752A9000DC4E7 /* Help.storyboard in Resources */,
				B82F58851A04D09F005B68C6 /* LaunchScreen.xib in Resources */,
				B82F58821A04D09F005B68C6 /* Images.xcassets in Resources */,
			);
			runOnlyForDeploymentPostprocessing = 0;
		};
		B82F58881A04D09F005B68C6 /* Resources */ = {
			isa = PBXResourcesBuildPhase;
			buildActionMask = 2147483647;
			files = (
			);
			runOnlyForDeploymentPostprocessing = 0;
		};
/* End PBXResourcesBuildPhase section */

/* Begin PBXShellScriptBuildPhase section */
		2ABBF05672A78207F93D0D8E /* Copy Pods Resources */ = {
			isa = PBXShellScriptBuildPhase;
			buildActionMask = 2147483647;
			files = (
			);
			inputPaths = (
			);
			name = "Copy Pods Resources";
			outputPaths = (
			);
			runOnlyForDeploymentPostprocessing = 0;
			shellPath = /bin/sh;
			shellScript = "\"${SRCROOT}/Pods/Target Support Files/Pods/Pods-resources.sh\"\n";
			showEnvVarsInLog = 0;
		};
		D8EDFF70177BD31EB5885B1D /* Check Pods Manifest.lock */ = {
			isa = PBXShellScriptBuildPhase;
			buildActionMask = 2147483647;
			files = (
			);
			inputPaths = (
			);
			name = "Check Pods Manifest.lock";
			outputPaths = (
			);
			runOnlyForDeploymentPostprocessing = 0;
			shellPath = /bin/sh;
			shellScript = "diff \"${PODS_ROOT}/../Podfile.lock\" \"${PODS_ROOT}/Manifest.lock\" > /dev/null\nif [[ $? != 0 ]] ; then\n    cat << EOM\nerror: The sandbox is not in sync with the Podfile.lock. Run 'pod install' or update your CocoaPods installation.\nEOM\n    exit 1\nfi\n";
			showEnvVarsInLog = 0;
		};
/* End PBXShellScriptBuildPhase section */

/* Begin PBXSourcesBuildPhase section */
		B82F58711A04D09F005B68C6 /* Sources */ = {
			isa = PBXSourcesBuildPhase;
			buildActionMask = 2147483647;
			files = (
				B8E56AFD1A0522BF00024E00 /* TopViewController.swift in Sources */,
				B82F587D1A04D09F005B68C6 /* BaseViewController.swift in Sources */,
				443C53D51A3192F700EF5358 /* NotificationName.swift in Sources */,
				B8C12A691A0F0E6200276AEE /* ResultViewController.swift in Sources */,
				B8D5E5921A53E7F0004F6EC8 /* CalcCompareViewController.swift in Sources */,
				B88C20831A063262000DC4E7 /* Config.swift in Sources */,
				B81BFEF51A45172700433B0B /* RoundedCornersView.swift in Sources */,
				B82D61391A0DC8D400BD10E8 /* PanelView.swift in Sources */,
				B88C20861A063450000DC4E7 /* Games.swift in Sources */,
				B87EC8591A1A39960038E8C8 /* ExpGaugeView.swift in Sources */,
				B88C20811A0623AC000DC4E7 /* GameSelectViewController.swift in Sources */,
				B82D61291A07BDF500BD10E8 /* GameBase.swift in Sources */,
				B8D22D571A177DA4001C7EB7 /* InformationView.swift in Sources */,
				B8E56AF81A05185C00024E00 /* UIImage+ImageEffects.m in Sources */,
				B82D61311A07CFD300BD10E8 /* User.swift in Sources */,
				B82D612F1A07CCEF00BD10E8 /* ColorMatch.swift in Sources */,
				B8BF08671A5EC45F004CDC05 /* BookViewLockContentCell.swift in Sources */,
				B8DB63DB1A3DA16C00834757 /* BookViewController.swift in Sources */,
				B89105C11A20341A00860A7B /* RoundedCornersBorderView.swift in Sources */,
				B88C207F1A05D4C3000DC4E7 /* GameSelectContentCell.swift in Sources */,
				B88C20901A075334000DC4E7 /* HelpViewController.swift in Sources */,
				B8DCD63A1A50018600B941D3 /* Style.swift in Sources */,
				B82D612D1A07C69C00BD10E8 /* SpeedMatch.swift in Sources */,
				B82ACCFC1A276B2500EA9AA3 /* SkillButtonView.swift in Sources */,
				B82F587B1A04D09F005B68C6 /* AppDelegate.swift in Sources */,
				B8DB63DD1A3DB32300834757 /* BookViewContentCell.swift in Sources */,
				B8A5FE7B1A0E0EB800F96DC8 /* ViewUtil.swift in Sources */,
				B8A025631A469C4400368635 /* ColorMatchViewController.swift in Sources */,
				B8A5FE711A0DE80700F96DC8 /* InterfaceView.swift in Sources */,
				B8788F701A567D92007181FB /* AdBaseViewController.swift in Sources */,
				B8E56ADF1A04FAE300024E00 /* UIViewExtension.swift in Sources */,
				B82D612B1A07C41200BD10E8 /* Util.swift in Sources */,
				B89105BF1A20226600860A7B /* CircleView.swift in Sources */,
				B8D5E58F1A539A5D004F6EC8 /* CalcCompare.swift in Sources */,
				B88C208A1A073085000DC4E7 /* SpeedMatchViewController.swift in Sources */,
				B82ACCFE1A2E7A7E00EA9AA3 /* Skills.swift in Sources */,
				B8E56ADD1A04F6F700024E00 /* UIViewControllerExtension.swift in Sources */,
				B84F14821A3890B90094B5F1 /* ResultBrainView.swift in Sources */,
				B8DD55BB1A188F5F0060A6C2 /* DateUtil.swift in Sources */,
			);
			runOnlyForDeploymentPostprocessing = 0;
		};
		B82F58861A04D09F005B68C6 /* Sources */ = {
			isa = PBXSourcesBuildPhase;
			buildActionMask = 2147483647;
			files = (
				B82F58911A04D09F005B68C6 /* brainTests.swift in Sources */,
			);
			runOnlyForDeploymentPostprocessing = 0;
		};
/* End PBXSourcesBuildPhase section */

/* Begin PBXTargetDependency section */
		B82F588C1A04D09F005B68C6 /* PBXTargetDependency */ = {
			isa = PBXTargetDependency;
			target = B82F58741A04D09F005B68C6 /* brain */;
			targetProxy = B82F588B1A04D09F005B68C6 /* PBXContainerItemProxy */;
		};
/* End PBXTargetDependency section */

/* Begin PBXVariantGroup section */
		B82F587E1A04D09F005B68C6 /* Main.storyboard */ = {
			isa = PBXVariantGroup;
			children = (
				B82F587F1A04D09F005B68C6 /* Base */,
			);
			name = Main.storyboard;
			sourceTree = "<group>";
		};
		B82F58831A04D09F005B68C6 /* LaunchScreen.xib */ = {
			isa = PBXVariantGroup;
			children = (
				B82F58841A04D09F005B68C6 /* Base */,
			);
			name = LaunchScreen.xib;
			sourceTree = "<group>";
		};
		B89105D81A20872100860A7B /* Localizable.strings */ = {
			isa = PBXVariantGroup;
			children = (
				B89105D71A20872100860A7B /* Base */,
				B89105D91A20873200860A7B /* ja */,
			);
			name = Localizable.strings;
			sourceTree = "<group>";
		};
/* End PBXVariantGroup section */

/* Begin XCBuildConfiguration section */
		B82F58921A04D09F005B68C6 /* Debug */ = {
			isa = XCBuildConfiguration;
			buildSettings = {
				ALWAYS_SEARCH_USER_PATHS = NO;
				CLANG_CXX_LANGUAGE_STANDARD = "gnu++0x";
				CLANG_CXX_LIBRARY = "libc++";
				CLANG_ENABLE_MODULES = YES;
				CLANG_ENABLE_OBJC_ARC = YES;
				CLANG_WARN_BOOL_CONVERSION = YES;
				CLANG_WARN_CONSTANT_CONVERSION = YES;
				CLANG_WARN_DIRECT_OBJC_ISA_USAGE = YES_ERROR;
				CLANG_WARN_EMPTY_BODY = YES;
				CLANG_WARN_ENUM_CONVERSION = YES;
				CLANG_WARN_INT_CONVERSION = YES;
				CLANG_WARN_OBJC_ROOT_CLASS = YES_ERROR;
				CLANG_WARN_UNREACHABLE_CODE = YES;
				CLANG_WARN__DUPLICATE_METHOD_MATCH = YES;
				"CODE_SIGN_IDENTITY[sdk=iphoneos*]" = "iPhone Developer";
				COPY_PHASE_STRIP = NO;
				ENABLE_STRICT_OBJC_MSGSEND = YES;
				GCC_C_LANGUAGE_STANDARD = gnu99;
				GCC_DYNAMIC_NO_PIC = NO;
				GCC_OPTIMIZATION_LEVEL = 0;
				GCC_PREPROCESSOR_DEFINITIONS = (
					"DEBUG=1",
					"$(inherited)",
				);
				GCC_SYMBOLS_PRIVATE_EXTERN = NO;
				GCC_WARN_64_TO_32_BIT_CONVERSION = YES;
				GCC_WARN_ABOUT_RETURN_TYPE = YES_ERROR;
				GCC_WARN_UNDECLARED_SELECTOR = YES;
				GCC_WARN_UNINITIALIZED_AUTOS = YES_AGGRESSIVE;
				GCC_WARN_UNUSED_FUNCTION = YES;
				GCC_WARN_UNUSED_VARIABLE = YES;
				IPHONEOS_DEPLOYMENT_TARGET = 8.1;
				MTL_ENABLE_DEBUG_INFO = YES;
				ONLY_ACTIVE_ARCH = YES;
				SDKROOT = iphoneos;
				SWIFT_OPTIMIZATION_LEVEL = "-Onone";
			};
			name = Debug;
		};
		B82F58931A04D09F005B68C6 /* Release */ = {
			isa = XCBuildConfiguration;
			buildSettings = {
				ALWAYS_SEARCH_USER_PATHS = NO;
				CLANG_CXX_LANGUAGE_STANDARD = "gnu++0x";
				CLANG_CXX_LIBRARY = "libc++";
				CLANG_ENABLE_MODULES = YES;
				CLANG_ENABLE_OBJC_ARC = YES;
				CLANG_WARN_BOOL_CONVERSION = YES;
				CLANG_WARN_CONSTANT_CONVERSION = YES;
				CLANG_WARN_DIRECT_OBJC_ISA_USAGE = YES_ERROR;
				CLANG_WARN_EMPTY_BODY = YES;
				CLANG_WARN_ENUM_CONVERSION = YES;
				CLANG_WARN_INT_CONVERSION = YES;
				CLANG_WARN_OBJC_ROOT_CLASS = YES_ERROR;
				CLANG_WARN_UNREACHABLE_CODE = YES;
				CLANG_WARN__DUPLICATE_METHOD_MATCH = YES;
				"CODE_SIGN_IDENTITY[sdk=iphoneos*]" = "iPhone Developer";
				COPY_PHASE_STRIP = YES;
				ENABLE_NS_ASSERTIONS = NO;
				ENABLE_STRICT_OBJC_MSGSEND = YES;
				GCC_C_LANGUAGE_STANDARD = gnu99;
				GCC_WARN_64_TO_32_BIT_CONVERSION = YES;
				GCC_WARN_ABOUT_RETURN_TYPE = YES_ERROR;
				GCC_WARN_UNDECLARED_SELECTOR = YES;
				GCC_WARN_UNINITIALIZED_AUTOS = YES_AGGRESSIVE;
				GCC_WARN_UNUSED_FUNCTION = YES;
				GCC_WARN_UNUSED_VARIABLE = YES;
				IPHONEOS_DEPLOYMENT_TARGET = 8.1;
				MTL_ENABLE_DEBUG_INFO = NO;
				SDKROOT = iphoneos;
				VALIDATE_PRODUCT = YES;
			};
			name = Release;
		};
		B82F58951A04D09F005B68C6 /* Debug */ = {
			isa = XCBuildConfiguration;
			baseConfigurationReference = E6F4F9CDD02E51D342B7D82C /* Pods.debug.xcconfig */;
			buildSettings = {
				ASSETCATALOG_COMPILER_APPICON_NAME = AppIcon;
				CLANG_ENABLE_MODULES = YES;
				CODE_SIGN_IDENTITY = "iPhone Developer";
				"CODE_SIGN_IDENTITY[sdk=iphoneos*]" = "iPhone Developer";
				FRAMEWORK_SEARCH_PATHS = (
					"$(inherited)",
					"$(PROJECT_DIR)/brain/scripts/vender",
					"$(PROJECT_DIR)",
				);
				INFOPLIST_FILE = brain/Info.plist;
				LD_RUNPATH_SEARCH_PATHS = "$(inherited) @executable_path/Frameworks";
				LIBRARY_SEARCH_PATHS = (
					"$(inherited)",
					"$(PROJECT_DIR)/Pods/Google-Mobile-Ads-SDK/GoogleMobileAdsSdkiOS-6.12.2",
					"$(PROJECT_DIR)/brain/scripts/vender/NendAd",
				);
				OTHER_LDFLAGS = (
					"-ObjC",
					"-l\"GoogleAnalyticsServices\"",
					"-l\"Pods-GLDTween\"",
					"-l\"Pods-GoogleAnalytics-iOS-SDK\"",
					"-l\"sqlite3\"",
					"-l\"z\"",
					"-framework",
					"\"CFNetwork\"",
					"-framework",
					"\"CoreData\"",
					"-framework",
					"\"Foundation\"",
					"-fobjc-arc",
					"-framework",
					"\"SystemConfiguration\"",
					"-framework",
					"\"UIKit\"",
				);
				PRODUCT_NAME = "$(TARGET_NAME)";
				PROVISIONING_PROFILE = "245302a2-8d11-4692-babe-10976962f04d";
				SWIFT_OBJC_BRIDGING_HEADER = "brain/scripts/vender/brain-Bridging-Header.h";
				SWIFT_OPTIMIZATION_LEVEL = "-Onone";
			};
			name = Debug;
		};
		B82F58961A04D09F005B68C6 /* Release */ = {
			isa = XCBuildConfiguration;
			baseConfigurationReference = 7C7FE1D7267804137EE7D342 /* Pods.release.xcconfig */;
			buildSettings = {
				ASSETCATALOG_COMPILER_APPICON_NAME = AppIcon;
				CLANG_ENABLE_MODULES = YES;
				CODE_SIGN_IDENTITY = "iPhone Developer";
				"CODE_SIGN_IDENTITY[sdk=iphoneos*]" = "iPhone Developer";
				FRAMEWORK_SEARCH_PATHS = (
					"$(inherited)",
					"$(PROJECT_DIR)/brain/scripts/vender",
					"$(PROJECT_DIR)",
				);
				INFOPLIST_FILE = brain/Info.plist;
				LD_RUNPATH_SEARCH_PATHS = "$(inherited) @executable_path/Frameworks";
				LIBRARY_SEARCH_PATHS = (
					"$(inherited)",
					"$(PROJECT_DIR)/Pods/Google-Mobile-Ads-SDK/GoogleMobileAdsSdkiOS-6.12.2",
					"$(PROJECT_DIR)/brain/scripts/vender/NendAd",
				);
				OTHER_LDFLAGS = (
					"-ObjC",
					"-l\"GoogleAnalyticsServices\"",
					"-l\"Pods-GLDTween\"",
					"-l\"Pods-GoogleAnalytics-iOS-SDK\"",
					"-l\"sqlite3\"",
					"-l\"z\"",
					"-framework",
					"\"CFNetwork\"",
					"-framework",
					"\"CoreData\"",
					"-framework",
					"\"Foundation\"",
					"-fobjc-arc",
					"-framework",
					"\"SystemConfiguration\"",
					"-framework",
					"\"UIKit\"",
				);
				PRODUCT_NAME = "$(TARGET_NAME)";
				PROVISIONING_PROFILE = "d4d66c74-1859-4bc4-87dc-2f6eaa1a18c5";
				SWIFT_OBJC_BRIDGING_HEADER = "brain/scripts/vender/brain-Bridging-Header.h";
			};
			name = Release;
		};
		B82F58981A04D09F005B68C6 /* Debug */ = {
			isa = XCBuildConfiguration;
			buildSettings = {
				BUNDLE_LOADER = "$(TEST_HOST)";
				FRAMEWORK_SEARCH_PATHS = (
					"$(SDKROOT)/Developer/Library/Frameworks",
					"$(inherited)",
				);
				GCC_PREPROCESSOR_DEFINITIONS = (
					"DEBUG=1",
					"$(inherited)",
				);
				INFOPLIST_FILE = brainTests/Info.plist;
				LD_RUNPATH_SEARCH_PATHS = "$(inherited) @executable_path/Frameworks @loader_path/Frameworks";
				PRODUCT_NAME = "$(TARGET_NAME)";
				TEST_HOST = "$(BUILT_PRODUCTS_DIR)/brain.app/brain";
			};
			name = Debug;
		};
		B82F58991A04D09F005B68C6 /* Release */ = {
			isa = XCBuildConfiguration;
			buildSettings = {
				BUNDLE_LOADER = "$(TEST_HOST)";
				FRAMEWORK_SEARCH_PATHS = (
					"$(SDKROOT)/Developer/Library/Frameworks",
					"$(inherited)",
				);
				INFOPLIST_FILE = brainTests/Info.plist;
				LD_RUNPATH_SEARCH_PATHS = "$(inherited) @executable_path/Frameworks @loader_path/Frameworks";
				PRODUCT_NAME = "$(TARGET_NAME)";
				TEST_HOST = "$(BUILT_PRODUCTS_DIR)/brain.app/brain";
			};
			name = Release;
		};
/* End XCBuildConfiguration section */

/* Begin XCConfigurationList section */
		B82F58701A04D09F005B68C6 /* Build configuration list for PBXProject "brain" */ = {
			isa = XCConfigurationList;
			buildConfigurations = (
				B82F58921A04D09F005B68C6 /* Debug */,
				B82F58931A04D09F005B68C6 /* Release */,
			);
			defaultConfigurationIsVisible = 0;
			defaultConfigurationName = Release;
		};
		B82F58941A04D09F005B68C6 /* Build configuration list for PBXNativeTarget "brain" */ = {
			isa = XCConfigurationList;
			buildConfigurations = (
				B82F58951A04D09F005B68C6 /* Debug */,
				B82F58961A04D09F005B68C6 /* Release */,
			);
			defaultConfigurationIsVisible = 0;
			defaultConfigurationName = Release;
		};
		B82F58971A04D09F005B68C6 /* Build configuration list for PBXNativeTarget "brainTests" */ = {
			isa = XCConfigurationList;
			buildConfigurations = (
				B82F58981A04D09F005B68C6 /* Debug */,
				B82F58991A04D09F005B68C6 /* Release */,
			);
			defaultConfigurationIsVisible = 0;
			defaultConfigurationName = Release;
		};
/* End XCConfigurationList section */
	};
	rootObject = B82F586D1A04D09F005B68C6 /* Project object */;
}
